
Microsoft Visual Studio Solution File, Format Version 12.00
Project("{FAE04EC0-301F-11D3-BF4B-00C04F79EFBC}") = "WebApplication", "WebApplication\WebApplication.csproj", "{8971FB20-505D-41FB-A11E-2D4056B1232A}"
EndProject
Project("{FAE04EC0-301F-11D3-BF4B-00C04F79EFBC}") = "DB", "DB\DB.csproj", "{62346847-61E5-476E-8D08-11BC53993B67}"
EndProject
Project("{FAE04EC0-301F-11D3-BF4B-00C04F79EFBC}") = "Services", "Services\Services.csproj", "{6011FBA9-F576-4672-AEF4-904185ED5F36}"
EndProject
Global
	GlobalSection(SolutionConfigurationPlatforms) = preSolution
		Debug|Any CPU = Debug|Any CPU
		Release|Any CPU = Release|Any CPU
	EndGlobalSection
	GlobalSection(ProjectConfigurationPlatforms) = postSolution
		{8971FB20-505D-41FB-A11E-2D4056B1232A}.Debug|Any CPU.ActiveCfg = Debug|Any CPU
		{8971FB20-505D-41FB-A11E-2D4056B1232A}.Debug|Any CPU.Build.0 = Debug|Any CPU
		{8971FB20-505D-41FB-A11E-2D4056B1232A}.Release|Any CPU.ActiveCfg = Release|Any CPU
		{8971FB20-505D-41FB-A11E-2D4056B1232A}.Release|Any CPU.Build.0 = Release|Any CPU
		{62346847-61E5-476E-8D08-11BC53993B67}.Debug|Any CPU.ActiveCfg = Debug|Any CPU
		{62346847-61E5-476E-8D08-11BC53993B67}.Debug|Any CPU.Build.0 = Debug|Any CPU
		{62346847-61E5-476E-8D08-11BC53993B67}.Release|Any CPU.ActiveCfg = Release|Any CPU
		{62346847-61E5-476E-8D08-11BC53993B67}.Release|Any CPU.Build.0 = Release|Any CPU
		{6011FBA9-F576-4672-AEF4-904185ED5F36}.Debug|Any CPU.ActiveCfg = Debug|Any CPU
		{6011FBA9-F576-4672-AEF4-904185ED5F36}.Debug|Any CPU.Build.0 = Debug|Any CPU
		{6011FBA9-F576-4672-AEF4-904185ED5F36}.Release|Any CPU.ActiveCfg = Release|Any CPU
		{6011FBA9-F576-4672-AEF4-904185ED5F36}.Release|Any CPU.Build.0 = Release|Any CPU
	EndGlobalSection
EndGlobal
